
Microsoft Visual Studio Solution File, Format Version 12.00
# Visual Studio Version 17
VisualStudioVersion = 17.11.35431.28
MinimumVisualStudioVersion = 10.0.40219.1
Project("{FAE04EC0-301F-11D3-BF4B-00C04F79EFBC}") = "BaiTap5_65133958", "BaiTap5_65133958\BaiTap5_65133958.csproj", "{A3BEE25D-C25A-4D62-B9C4-3FD9D47BAFB0}"
EndProject
Global
	GlobalSection(SolutionConfigurationPlatforms) = preSolution
		Debug|Any CPU = Debug|Any CPU
		Release|Any CPU = Release|Any CPU
	EndGlobalSection
	GlobalSection(ProjectConfigurationPlatforms) = postSolution
		{A3BEE25D-C25A-4D62-B9C4-3FD9D47BAFB0}.Debug|Any CPU.ActiveCfg = Debug|Any CPU
		{A3BEE25D-C25A-4D62-B9C4-3FD9D47BAFB0}.Debug|Any CPU.Build.0 = Debug|Any CPU
		{A3BEE25D-C25A-4D62-B9C4-3FD9D47BAFB0}.Release|Any CPU.ActiveCfg = Release|Any CPU
		{A3BEE25D-C25A-4D62-B9C4-3FD9D47BAFB0}.Release|Any CPU.Build.0 = Release|Any CPU
	EndGlobalSection
	GlobalSection(SolutionProperties) = preSolution
		HideSolutionNode = FALSE
	EndGlobalSection
	GlobalSection(ExtensibilityGlobals) = postSolution
		SolutionGuid = {D2AFCA5F-8325-4FA3-95AF-C5D6B0FEA12B}
	EndGlobalSection
EndGlobal
