
Microsoft Visual Studio Solution File, Format Version 12.00
# Visual Studio Version 17
VisualStudioVersion = 17.11.35431.28
MinimumVisualStudioVersion = 10.0.40219.1
Project("{FAE04EC0-301F-11D3-BF4B-00C04F79EFBC}") = "BaiTap6_65133958", "BaiTap6_65133958\BaiTap6_65133958.csproj", "{A3231374-578B-48BF-A5D2-C2E0508C1C08}"
EndProject
Global
	GlobalSection(SolutionConfigurationPlatforms) = preSolution
		Debug|Any CPU = Debug|Any CPU
		Release|Any CPU = Release|Any CPU
	EndGlobalSection
	GlobalSection(ProjectConfigurationPlatforms) = postSolution
		{A3231374-578B-48BF-A5D2-C2E0508C1C08}.Debug|Any CPU.ActiveCfg = Debug|Any CPU
		{A3231374-578B-48BF-A5D2-C2E0508C1C08}.Debug|Any CPU.Build.0 = Debug|Any CPU
		{A3231374-578B-48BF-A5D2-C2E0508C1C08}.Release|Any CPU.ActiveCfg = Release|Any CPU
		{A3231374-578B-48BF-A5D2-C2E0508C1C08}.Release|Any CPU.Build.0 = Release|Any CPU
	EndGlobalSection
	GlobalSection(SolutionProperties) = preSolution
		HideSolutionNode = FALSE
	EndGlobalSection
	GlobalSection(ExtensibilityGlobals) = postSolution
		SolutionGuid = {B93DD09F-FF26-4A86-BE08-C5EC12885483}
	EndGlobalSection
EndGlobal
