
Microsoft Visual Studio Solution File, Format Version 12.00
# Visual Studio Version 17
VisualStudioVersion = 17.11.35431.28
MinimumVisualStudioVersion = 10.0.40219.1
Project("{FAE04EC0-301F-11D3-BF4B-00C04F79EFBC}") = "BaiTap1_65133958", "BaiTap1_65133958\BaiTap1_65133958.csproj", "{8D385592-02FA-44A4-8AAA-27BD4260ACBF}"
EndProject
Global
	GlobalSection(SolutionConfigurationPlatforms) = preSolution
		Debug|Any CPU = Debug|Any CPU
		Release|Any CPU = Release|Any CPU
	EndGlobalSection
	GlobalSection(ProjectConfigurationPlatforms) = postSolution
		{8D385592-02FA-44A4-8AAA-27BD4260ACBF}.Debug|Any CPU.ActiveCfg = Debug|Any CPU
		{8D385592-02FA-44A4-8AAA-27BD4260ACBF}.Debug|Any CPU.Build.0 = Debug|Any CPU
		{8D385592-02FA-44A4-8AAA-27BD4260ACBF}.Release|Any CPU.ActiveCfg = Release|Any CPU
		{8D385592-02FA-44A4-8AAA-27BD4260ACBF}.Release|Any CPU.Build.0 = Release|Any CPU
	EndGlobalSection
	GlobalSection(SolutionProperties) = preSolution
		HideSolutionNode = FALSE
	EndGlobalSection
	GlobalSection(ExtensibilityGlobals) = postSolution
		SolutionGuid = {6D2AEF41-600E-4DD5-910B-E852B34EB266}
	EndGlobalSection
EndGlobal
